
Microsoft Visual Studio Solution File, Format Version 12.00
# Visual Studio Version 16
VisualStudioVersion = 16.0.30621.155
MinimumVisualStudioVersion = 10.0.40219.1
Project("{FAE04EC0-301F-11D3-BF4B-00C04F79EFBC}") = "KomodoCafe", "KomodoCafe\KomodoCafe.csproj", "{A241536C-4B4F-461A-B9BF-E8CE3C289506}"
EndProject
Global
	GlobalSection(SolutionConfigurationPlatforms) = preSolution
		Debug|Any CPU = Debug|Any CPU
		Release|Any CPU = Release|Any CPU
	EndGlobalSection
	GlobalSection(ProjectConfigurationPlatforms) = postSolution
		{A241536C-4B4F-461A-B9BF-E8CE3C289506}.Debug|Any CPU.ActiveCfg = Debug|Any CPU
		{A241536C-4B4F-461A-B9BF-E8CE3C289506}.Debug|Any CPU.Build.0 = Debug|Any CPU
		{A241536C-4B4F-461A-B9BF-E8CE3C289506}.Release|Any CPU.ActiveCfg = Release|Any CPU
		{A241536C-4B4F-461A-B9BF-E8CE3C289506}.Release|Any CPU.Build.0 = Release|Any CPU
	EndGlobalSection
	GlobalSection(SolutionProperties) = preSolution
		HideSolutionNode = FALSE
	EndGlobalSection
	GlobalSection(ExtensibilityGlobals) = postSolution
		SolutionGuid = {10233EF6-2D0B-4AF0-AF75-3C2E44CE9ED5}
	EndGlobalSection
EndGlobal
